{
  "name": "FormsDevHelp",
  "lockfileVersion": 3,
  "requires": true,
  "packages": {
    "": {
      "dependencies": {
        "transition-style": "^0.1.3"
      }
    },
    "node_modules/transition-style": {
      "version": "0.1.3",
      "resolved": "https://registry.npmjs.org/transition-style/-/transition-style-0.1.3.tgz",
      "integrity": "sha512-VlwsFMhxS0YOHlWY8jf2ofZC/rvnOtoC51YU8qhu8GA2WwB6EXZonxpw/bZOD6+s7vUwFDwTSwVlvk9nMhX1NQ=="
    }
  }
}
